
Microsoft Visual Studio Solution File, Format Version 12.00
# Visual Studio Version 17
VisualStudioVersion = 17.4.33122.133
MinimumVisualStudioVersion = 10.0.40219.1
Project("{FAE04EC0-301F-11D3-BF4B-00C04F79EFBC}") = "Sample_CQRS_Projects", "Sample_CQRS_Projects\Sample_CQRS_Projects.csproj", "{FA065813-16CE-4430-BE05-96754C423FA2}"
EndProject
Global
	GlobalSection(SolutionConfigurationPlatforms) = preSolution
		Debug|Any CPU = Debug|Any CPU
		Release|Any CPU = Release|Any CPU
	EndGlobalSection
	GlobalSection(ProjectConfigurationPlatforms) = postSolution
		{FA065813-16CE-4430-BE05-96754C423FA2}.Debug|Any CPU.ActiveCfg = Debug|Any CPU
		{FA065813-16CE-4430-BE05-96754C423FA2}.Debug|Any CPU.Build.0 = Debug|Any CPU
		{FA065813-16CE-4430-BE05-96754C423FA2}.Release|Any CPU.ActiveCfg = Release|Any CPU
		{FA065813-16CE-4430-BE05-96754C423FA2}.Release|Any CPU.Build.0 = Release|Any CPU
	EndGlobalSection
	GlobalSection(SolutionProperties) = preSolution
		HideSolutionNode = FALSE
	EndGlobalSection
	GlobalSection(ExtensibilityGlobals) = postSolution
		SolutionGuid = {29B030BD-FCB3-430C-9F8B-BE0530C3D015}
	EndGlobalSection
EndGlobal
